{
  "name": "plexplorer",
  "lockfileVersion": 3,
  "requires": true,
  "packages": {
    "": {
      "dependencies": {
        "@perplexity-ai/perplexity_ai": "^0.18.2"
      }
    },
    "node_modules/@perplexity-ai/perplexity_ai": {
      "version": "0.18.2",
      "resolved": "https://registry.npmjs.org/@perplexity-ai/perplexity_ai/-/perplexity_ai-0.18.2.tgz",
      "integrity": "sha512-bk4+nyEiFTq3szfL4lIwV/tyGA+JwgcgLKH52ss1A3ZkCq5+ysyw6y+eeuQEJi9o6+Fx27cOevqjy1Z7ao1BSg==",
      "license": "Apache-2.0"
    }
  }
}
